
Microsoft Visual Studio Solution File, Format Version 12.00
# Visual Studio Version 16
VisualStudioVersion = 16.0.30804.86
MinimumVisualStudioVersion = 10.0.40219.1
Project("{9A19103F-16F7-4668-BE54-9A1E7A4F7556}") = "SimpleMessaging.Core", "SimpleMessaging.Core\SimpleMessaging.Core.csproj", "{B237F191-0636-4414-8ED3-12CBA663C663}"
EndProject
Project("{9A19103F-16F7-4668-BE54-9A1E7A4F7556}") = "SimpleMessaging.Worker", "SimpleMessaging.Worker\SimpleMessaging.Worker.csproj", "{F3169A44-C868-4F8B-BFC7-06E77C885FFA}"
EndProject
Global
	GlobalSection(SolutionConfigurationPlatforms) = preSolution
		Debug|Any CPU = Debug|Any CPU
		Release|Any CPU = Release|Any CPU
	EndGlobalSection
	GlobalSection(ProjectConfigurationPlatforms) = postSolution
		{B237F191-0636-4414-8ED3-12CBA663C663}.Debug|Any CPU.ActiveCfg = Debug|Any CPU
		{B237F191-0636-4414-8ED3-12CBA663C663}.Debug|Any CPU.Build.0 = Debug|Any CPU
		{B237F191-0636-4414-8ED3-12CBA663C663}.Release|Any CPU.ActiveCfg = Release|Any CPU
		{B237F191-0636-4414-8ED3-12CBA663C663}.Release|Any CPU.Build.0 = Release|Any CPU
		{F3169A44-C868-4F8B-BFC7-06E77C885FFA}.Debug|Any CPU.ActiveCfg = Debug|Any CPU
		{F3169A44-C868-4F8B-BFC7-06E77C885FFA}.Debug|Any CPU.Build.0 = Debug|Any CPU
		{F3169A44-C868-4F8B-BFC7-06E77C885FFA}.Release|Any CPU.ActiveCfg = Release|Any CPU
		{F3169A44-C868-4F8B-BFC7-06E77C885FFA}.Release|Any CPU.Build.0 = Release|Any CPU
	EndGlobalSection
	GlobalSection(SolutionProperties) = preSolution
		HideSolutionNode = FALSE
	EndGlobalSection
	GlobalSection(ExtensibilityGlobals) = postSolution
		SolutionGuid = {B5F808E0-D114-4F0F-BE79-C4A6951E7CD5}
	EndGlobalSection
EndGlobal
